
Microsoft Visual Studio Solution File, Format Version 12.00
# Visual Studio Version 16
VisualStudioVersion = 16.0.31025.194
MinimumVisualStudioVersion = 10.0.40219.1
Project("{9A19103F-16F7-4668-BE54-9A1E7A4F7556}") = "FluentQuery.UnitTest", "FluentQuery.UnitTest\FluentQuery.UnitTest.csproj", "{9CA0B72B-0D04-4917-858E-1D2064644FA3}"
EndProject
Project("{9A19103F-16F7-4668-BE54-9A1E7A4F7556}") = "FluentQuery", "FluentQuery\FluentQuery.csproj", "{F608A172-F6E6-49BA-9A3C-E747F8072D38}"
EndProject
Global
	GlobalSection(SolutionConfigurationPlatforms) = preSolution
		Debug|Any CPU = Debug|Any CPU
		Release|Any CPU = Release|Any CPU
	EndGlobalSection
	GlobalSection(ProjectConfigurationPlatforms) = postSolution
		{9CA0B72B-0D04-4917-858E-1D2064644FA3}.Debug|Any CPU.ActiveCfg = Debug|Any CPU
		{9CA0B72B-0D04-4917-858E-1D2064644FA3}.Debug|Any CPU.Build.0 = Debug|Any CPU
		{9CA0B72B-0D04-4917-858E-1D2064644FA3}.Release|Any CPU.ActiveCfg = Release|Any CPU
		{9CA0B72B-0D04-4917-858E-1D2064644FA3}.Release|Any CPU.Build.0 = Release|Any CPU
		{F608A172-F6E6-49BA-9A3C-E747F8072D38}.Debug|Any CPU.ActiveCfg = Debug|Any CPU
		{F608A172-F6E6-49BA-9A3C-E747F8072D38}.Debug|Any CPU.Build.0 = Debug|Any CPU
		{F608A172-F6E6-49BA-9A3C-E747F8072D38}.Release|Any CPU.ActiveCfg = Release|Any CPU
		{F608A172-F6E6-49BA-9A3C-E747F8072D38}.Release|Any CPU.Build.0 = Release|Any CPU
	EndGlobalSection
	GlobalSection(SolutionProperties) = preSolution
		HideSolutionNode = FALSE
	EndGlobalSection
	GlobalSection(ExtensibilityGlobals) = postSolution
		SolutionGuid = {9D33EC1E-02FE-4936-8B4D-65F3B045403D}
	EndGlobalSection
EndGlobal
